
Microsoft Visual Studio Solution File, Format Version 12.00
# Visual Studio Version 16
VisualStudioVersion = 16.0.29503.13
MinimumVisualStudioVersion = 10.0.40219.1
Project("{9A19103F-16F7-4668-BE54-9A1E7A4F7556}") = "News.Api", "News.Api\News.Api.csproj", "{E12343FE-CAE8-4ADB-9091-EB7F6D81D2F8}"
EndProject
Project("{9A19103F-16F7-4668-BE54-9A1E7A4F7556}") = "News.Business", "News.Business\News.Business.csproj", "{7EA23239-3B71-4E50-8E33-BEFE9A9CA8FA}"
EndProject
Project("{9A19103F-16F7-4668-BE54-9A1E7A4F7556}") = "News.Core", "News.Core\News.Core.csproj", "{9E39FBBF-AF54-471D-9932-21E44456843D}"
EndProject
Project("{9A19103F-16F7-4668-BE54-9A1E7A4F7556}") = "News.Domain", "News.Domain\News.Domain.csproj", "{249A7EFF-0CA3-43ED-B8D9-3AEA7D99AA13}"
EndProject
Project("{9A19103F-16F7-4668-BE54-9A1E7A4F7556}") = "News.Infrastructure", "News.Infrastructure\News.Infrastructure.csproj", "{0A8601B2-BE01-44E0-B612-A4A2665C2D2E}"
EndProject
Global
	GlobalSection(SolutionConfigurationPlatforms) = preSolution
		Debug|Any CPU = Debug|Any CPU
		Release|Any CPU = Release|Any CPU
	EndGlobalSection
	GlobalSection(ProjectConfigurationPlatforms) = postSolution
		{E12343FE-CAE8-4ADB-9091-EB7F6D81D2F8}.Debug|Any CPU.ActiveCfg = Debug|Any CPU
		{E12343FE-CAE8-4ADB-9091-EB7F6D81D2F8}.Debug|Any CPU.Build.0 = Debug|Any CPU
		{E12343FE-CAE8-4ADB-9091-EB7F6D81D2F8}.Release|Any CPU.ActiveCfg = Release|Any CPU
		{E12343FE-CAE8-4ADB-9091-EB7F6D81D2F8}.Release|Any CPU.Build.0 = Release|Any CPU
		{7EA23239-3B71-4E50-8E33-BEFE9A9CA8FA}.Debug|Any CPU.ActiveCfg = Debug|Any CPU
		{7EA23239-3B71-4E50-8E33-BEFE9A9CA8FA}.Debug|Any CPU.Build.0 = Debug|Any CPU
		{7EA23239-3B71-4E50-8E33-BEFE9A9CA8FA}.Release|Any CPU.ActiveCfg = Release|Any CPU
		{7EA23239-3B71-4E50-8E33-BEFE9A9CA8FA}.Release|Any CPU.Build.0 = Release|Any CPU
		{9E39FBBF-AF54-471D-9932-21E44456843D}.Debug|Any CPU.ActiveCfg = Debug|Any CPU
		{9E39FBBF-AF54-471D-9932-21E44456843D}.Debug|Any CPU.Build.0 = Debug|Any CPU
		{9E39FBBF-AF54-471D-9932-21E44456843D}.Release|Any CPU.ActiveCfg = Release|Any CPU
		{9E39FBBF-AF54-471D-9932-21E44456843D}.Release|Any CPU.Build.0 = Release|Any CPU
		{249A7EFF-0CA3-43ED-B8D9-3AEA7D99AA13}.Debug|Any CPU.ActiveCfg = Debug|Any CPU
		{249A7EFF-0CA3-43ED-B8D9-3AEA7D99AA13}.Debug|Any CPU.Build.0 = Debug|Any CPU
		{249A7EFF-0CA3-43ED-B8D9-3AEA7D99AA13}.Release|Any CPU.ActiveCfg = Release|Any CPU
		{249A7EFF-0CA3-43ED-B8D9-3AEA7D99AA13}.Release|Any CPU.Build.0 = Release|Any CPU
		{0A8601B2-BE01-44E0-B612-A4A2665C2D2E}.Debug|Any CPU.ActiveCfg = Debug|Any CPU
		{0A8601B2-BE01-44E0-B612-A4A2665C2D2E}.Debug|Any CPU.Build.0 = Debug|Any CPU
		{0A8601B2-BE01-44E0-B612-A4A2665C2D2E}.Release|Any CPU.ActiveCfg = Release|Any CPU
		{0A8601B2-BE01-44E0-B612-A4A2665C2D2E}.Release|Any CPU.Build.0 = Release|Any CPU
	EndGlobalSection
	GlobalSection(SolutionProperties) = preSolution
		HideSolutionNode = FALSE
	EndGlobalSection
	GlobalSection(ExtensibilityGlobals) = postSolution
		SolutionGuid = {75D14EED-65DE-4220-904B-035ADF6952C7}
	EndGlobalSection
EndGlobal
